
Microsoft Visual Studio Solution File, Format Version 12.00
# Visual Studio Version 17
VisualStudioVersion = 17.10.35027.167
MinimumVisualStudioVersion = 10.0.40219.1
Project("{888888A0-9F3D-457C-B088-3A5042F75D52}") = "task1", "task1\task1.pyproj", "{B9BC6C42-B439-436E-86FC-A6D959EBC0E3}"
EndProject
Global
	GlobalSection(SolutionConfigurationPlatforms) = preSolution
		Debug|Any CPU = Debug|Any CPU
		Release|Any CPU = Release|Any CPU
	EndGlobalSection
	GlobalSection(ProjectConfigurationPlatforms) = postSolution
		{B9BC6C42-B439-436E-86FC-A6D959EBC0E3}.Debug|Any CPU.ActiveCfg = Debug|Any CPU
		{B9BC6C42-B439-436E-86FC-A6D959EBC0E3}.Release|Any CPU.ActiveCfg = Release|Any CPU
	EndGlobalSection
	GlobalSection(SolutionProperties) = preSolution
		HideSolutionNode = FALSE
	EndGlobalSection
	GlobalSection(ExtensibilityGlobals) = postSolution
		SolutionGuid = {5F427E0A-87FA-4271-BBB5-2CAB51B94F79}
	EndGlobalSection
EndGlobal
